
Microsoft Visual Studio Solution File, Format Version 12.00
# Visual Studio Version 16
VisualStudioVersion = 16.0.30907.101
MinimumVisualStudioVersion = 10.0.40219.1
Project("{9A19103F-16F7-4668-BE54-9A1E7A4F7556}") = "EncryptedFileSystem", "EncryptedFileSystem\EncryptedFileSystem.csproj", "{731CD910-4F48-4E21-8E2F-41534D124CA7}"
EndProject
Project("{FAE04EC0-301F-11D3-BF4B-00C04F79EFBC}") = "CertificateAuthority", "CertificateAuthority\CertificateAuthority.csproj", "{000A35EA-DF23-4762-9C66-0EAA38E29054}"
EndProject
Global
	GlobalSection(SolutionConfigurationPlatforms) = preSolution
		Debug|Any CPU = Debug|Any CPU
		Release|Any CPU = Release|Any CPU
	EndGlobalSection
	GlobalSection(ProjectConfigurationPlatforms) = postSolution
		{731CD910-4F48-4E21-8E2F-41534D124CA7}.Debug|Any CPU.ActiveCfg = Debug|Any CPU
		{731CD910-4F48-4E21-8E2F-41534D124CA7}.Debug|Any CPU.Build.0 = Debug|Any CPU
		{731CD910-4F48-4E21-8E2F-41534D124CA7}.Release|Any CPU.ActiveCfg = Release|Any CPU
		{731CD910-4F48-4E21-8E2F-41534D124CA7}.Release|Any CPU.Build.0 = Release|Any CPU
		{000A35EA-DF23-4762-9C66-0EAA38E29054}.Debug|Any CPU.ActiveCfg = Debug|Any CPU
		{000A35EA-DF23-4762-9C66-0EAA38E29054}.Debug|Any CPU.Build.0 = Debug|Any CPU
		{000A35EA-DF23-4762-9C66-0EAA38E29054}.Release|Any CPU.ActiveCfg = Release|Any CPU
		{000A35EA-DF23-4762-9C66-0EAA38E29054}.Release|Any CPU.Build.0 = Release|Any CPU
	EndGlobalSection
	GlobalSection(SolutionProperties) = preSolution
		HideSolutionNode = FALSE
	EndGlobalSection
	GlobalSection(ExtensibilityGlobals) = postSolution
		SolutionGuid = {545E01F4-4146-4FEE-BE6F-0356A8B11F78}
	EndGlobalSection
EndGlobal
